
Microsoft Visual Studio Solution File, Format Version 12.00
# Visual Studio Version 17
VisualStudioVersion = 17.4.33403.182
MinimumVisualStudioVersion = 10.0.40219.1
Project("{9A19103F-16F7-4668-BE54-9A1E7A4F7556}") = "OOP1stAssignment", "OOP1stAssignment.csproj", "{C9C82E2A-2FAE-4D47-8652-CCF40405B52E}"
EndProject
Global
	GlobalSection(SolutionConfigurationPlatforms) = preSolution
		Debug|Any CPU = Debug|Any CPU
		Release|Any CPU = Release|Any CPU
	EndGlobalSection
	GlobalSection(ProjectConfigurationPlatforms) = postSolution
		{C9C82E2A-2FAE-4D47-8652-CCF40405B52E}.Debug|Any CPU.ActiveCfg = Debug|Any CPU
		{C9C82E2A-2FAE-4D47-8652-CCF40405B52E}.Debug|Any CPU.Build.0 = Debug|Any CPU
		{C9C82E2A-2FAE-4D47-8652-CCF40405B52E}.Release|Any CPU.ActiveCfg = Release|Any CPU
		{C9C82E2A-2FAE-4D47-8652-CCF40405B52E}.Release|Any CPU.Build.0 = Release|Any CPU
	EndGlobalSection
	GlobalSection(SolutionProperties) = preSolution
		HideSolutionNode = FALSE
	EndGlobalSection
	GlobalSection(ExtensibilityGlobals) = postSolution
		SolutionGuid = {CCA86439-813D-4A68-98C8-AFFAB9258B86}
	EndGlobalSection
EndGlobal
